
Microsoft Visual Studio Solution File, Format Version 12.00
# Visual Studio 2012
Project("{FAE04EC0-301F-11D3-BF4B-00C04F79EFBC}") = "CarRental.Bussiness.Entities", "..\CarRentals\CarRental.Bussiness.Entities\CarRental.Bussiness.Entities.csproj", "{FC2AD580-8EBB-4705-9A58-A6E8C2C0AC74}"
EndProject
Project("{FAE04EC0-301F-11D3-BF4B-00C04F79EFBC}") = "CarRental.Client.Entities", "..\CarRentals\CarRental.Client.Entities\CarRental.Client.Entities.csproj", "{771ACAF6-DCBE-44C8-9E03-F9DCC1DC4D6B}"
EndProject
Project("{FAE04EC0-301F-11D3-BF4B-00C04F79EFBC}") = "Core.Common", "..\CarRentals\Core.Common\Core.Common.csproj", "{E7B26D50-0A49-4D2E-B33E-19103DF17BAC}"
EndProject
Project("{FAE04EC0-301F-11D3-BF4B-00C04F79EFBC}") = "Core.Common.Contracts", "..\CarRentals\Core.Common.Contracts\Core.Common.Contracts.csproj", "{A7088F53-6E25-465E-8E71-B56440FEDAD0}"
EndProject
Project("{2150E333-8FDC-42A3-9474-1A3956D46DE8}") = ".nuget", ".nuget", "{BE1A1B68-8ED6-400C-BBE8-2144CFB28486}"
	ProjectSection(SolutionItems) = preProject
		.nuget\NuGet.Config = .nuget\NuGet.Config
		.nuget\NuGet.exe = .nuget\NuGet.exe
		.nuget\NuGet.targets = .nuget\NuGet.targets
	EndProjectSection
EndProject
Project("{2150E333-8FDC-42A3-9474-1A3956D46DE8}") = "Bussiness", "Bussiness", "{4CC209BB-09FE-415A-84D0-14A62795584D}"
EndProject
Project("{2150E333-8FDC-42A3-9474-1A3956D46DE8}") = "Client", "Client", "{27A0EE65-F11E-4F4F-9328-014EF2617661}"
EndProject
Project("{2150E333-8FDC-42A3-9474-1A3956D46DE8}") = "Core", "Core", "{8285621D-A013-4A91-A193-87833FF4318D}"
EndProject
Project("{2150E333-8FDC-42A3-9474-1A3956D46DE8}") = "Tests", "Tests", "{9F02E93C-3659-4F0B-9208-94120929FED0}"
EndProject
Project("{FAE04EC0-301F-11D3-BF4B-00C04F79EFBC}") = "Core.Common.Tests", "Core.Common.Tests\Core.Common.Tests.csproj", "{07DF8BA7-0C8E-43B4-ADEA-0136367FB89F}"
EndProject
Project("{2150E333-8FDC-42A3-9474-1A3956D46DE8}") = "Resource Access", "Resource Access", "{C5CF2605-2343-43C6-87B9-31C1EB61F994}"
EndProject
Project("{FAE04EC0-301F-11D3-BF4B-00C04F79EFBC}") = "CarRental.Data", "CarRental.Data\CarRental.Data.csproj", "{E8E3CEDA-6FB6-421B-8163-37E344A6AFAC}"
EndProject
Project("{FAE04EC0-301F-11D3-BF4B-00C04F79EFBC}") = "CarRental.DataContracts", "CarRental.DataContracts\CarRental.DataContracts.csproj", "{A94C50E8-54B7-466D-90AA-0C88900AE315}"
EndProject
Project("{FAE04EC0-301F-11D3-BF4B-00C04F79EFBC}") = "CarRental.Data.Tests", "CarRental.Data.Tests\CarRental.Data.Tests.csproj", "{911BA92A-00FC-4B97-BCCB-586580DD1F5F}"
EndProject
Project("{FAE04EC0-301F-11D3-BF4B-00C04F79EFBC}") = "CarRental.Bussiness.Bootstrapper", "CarRental.Bussiness.Bootstrapper\CarRental.Bussiness.Bootstrapper.csproj", "{60F8D15A-A526-4E29-AB2D-924673784BA5}"
EndProject
Project("{FAE04EC0-301F-11D3-BF4B-00C04F79EFBC}") = "CarRental.Bussiness.Managers", "CarRental.Bussiness.Managers\CarRental.Bussiness.Managers.csproj", "{E853655A-DF17-4D24-9822-9FC8B6D66D90}"
EndProject
Project("{FAE04EC0-301F-11D3-BF4B-00C04F79EFBC}") = "CarRental.Bussiness.Contracts", "CarRental.Bussiness.Contracts\CarRental.Bussiness.Contracts.csproj", "{222558F4-F7AE-4AD1-B5F5-AF909C143A7D}"
EndProject
Project("{FAE04EC0-301F-11D3-BF4B-00C04F79EFBC}") = "CarRental.Bussiness.Engines", "CarRental.Bussiness.Engines\CarRental.Bussiness.Engines.csproj", "{20812595-7235-44CD-8A82-3711444E8E9C}"
EndProject
Project("{FAE04EC0-301F-11D3-BF4B-00C04F79EFBC}") = "CarRental.Bussiness.Common", "CarRental.Bussiness.Common\CarRental.Bussiness.Common.csproj", "{427DE09B-76A1-49FE-A624-1D78ECEAB18A}"
EndProject
Project("{2150E333-8FDC-42A3-9474-1A3956D46DE8}") = "Common", "Common", "{4AFB23BE-31AD-4ABB-B727-704949634F6B}"
EndProject
Project("{FAE04EC0-301F-11D3-BF4B-00C04F79EFBC}") = "CarRental.Common", "CarRental.Common\CarRental.Common.csproj", "{BD153304-2F7E-49CB-96A5-49C5616E7EB2}"
EndProject
Project("{FAE04EC0-301F-11D3-BF4B-00C04F79EFBC}") = "CarRental.Common.Contracts", "CarRental.Common.Contracts\CarRental.Common.Contracts.csproj", "{04AB0E2F-E1D6-41FC-A169-ED32943C83D4}"
EndProject
Project("{FAE04EC0-301F-11D3-BF4B-00C04F79EFBC}") = "Core.Common.ServiceModel", "Core.Common.ServiceModel\Core.Common.ServiceModel.csproj", "{C1DE978F-F526-4EF8-A987-B0830912DA02}"
EndProject
Project("{FAE04EC0-301F-11D3-BF4B-00C04F79EFBC}") = "CarRental.Bussiness.Tests", "CarRental.Bussiness.Tests\CarRental.Bussiness.Tests.csproj", "{AC41F17A-B20D-428D-B5D1-A9294443A01B}"
EndProject
Project("{FAE04EC0-301F-11D3-BF4B-00C04F79EFBC}") = "CarRental.business.Managers.Tests", "CarRental.business.Managers.Tests\CarRental.business.Managers.Tests.csproj", "{AFE2077D-88E3-4409-9A83-70B8BDB1575F}"
EndProject
Project("{2150E333-8FDC-42A3-9474-1A3956D46DE8}") = "Hosting", "Hosting", "{5846B33F-5585-470B-8019-45718A28D806}"
EndProject
Project("{FAE04EC0-301F-11D3-BF4B-00C04F79EFBC}") = "CarRental.ServiceHost.Console", "CarRental.ServiceHost.Console\CarRental.ServiceHost.Console.csproj", "{E8596EB1-6019-4ACF-8336-833F01E5DB78}"
EndProject
Project("{FAE04EC0-301F-11D3-BF4B-00C04F79EFBC}") = "CarRental.ServiceHost.Tests", "CarRental.ServiceHost.Tests\CarRental.ServiceHost.Tests.csproj", "{3B945430-5234-499C-A247-51F91163ECAA}"
EndProject
Project("{FAE04EC0-301F-11D3-BF4B-00C04F79EFBC}") = "CarRental.Web-Ng", "CarRental.Web-Ng\CarRental.Web-Ng.csproj", "{564A3B85-887E-4456-9FA4-CCAE98ACAA93}"
EndProject
Project("{FAE04EC0-301F-11D3-BF4B-00C04F79EFBC}") = "CarRental.Client.Proxies", "CarRental.Client.Proxies\CarRental.Client.Proxies.csproj", "{2FD65658-730C-49F6-A812-CE784ADE9526}"
EndProject
Project("{FAE04EC0-301F-11D3-BF4B-00C04F79EFBC}") = "CarRental.Client.Contracts", "CarRental.Client.Contracts\CarRental.Client.Contracts.csproj", "{2AA8BC36-4796-49FE-B9A6-2FB651922E59}"
EndProject
Project("{FAE04EC0-301F-11D3-BF4B-00C04F79EFBC}") = "CarRental.Client.Bootstrapper", "CarRental.Client.Bootstrapper\CarRental.Client.Bootstrapper.csproj", "{B4837C3B-186D-4AC4-850F-C9E89925511E}"
EndProject
Global
	GlobalSection(SolutionConfigurationPlatforms) = preSolution
		Debug|Any CPU = Debug|Any CPU
		Release|Any CPU = Release|Any CPU
	EndGlobalSection
	GlobalSection(ProjectConfigurationPlatforms) = postSolution
		{FC2AD580-8EBB-4705-9A58-A6E8C2C0AC74}.Debug|Any CPU.ActiveCfg = Debug|Any CPU
		{FC2AD580-8EBB-4705-9A58-A6E8C2C0AC74}.Debug|Any CPU.Build.0 = Debug|Any CPU
		{FC2AD580-8EBB-4705-9A58-A6E8C2C0AC74}.Release|Any CPU.ActiveCfg = Release|Any CPU
		{FC2AD580-8EBB-4705-9A58-A6E8C2C0AC74}.Release|Any CPU.Build.0 = Release|Any CPU
		{771ACAF6-DCBE-44C8-9E03-F9DCC1DC4D6B}.Debug|Any CPU.ActiveCfg = Debug|Any CPU
		{771ACAF6-DCBE-44C8-9E03-F9DCC1DC4D6B}.Debug|Any CPU.Build.0 = Debug|Any CPU
		{771ACAF6-DCBE-44C8-9E03-F9DCC1DC4D6B}.Release|Any CPU.ActiveCfg = Release|Any CPU
		{771ACAF6-DCBE-44C8-9E03-F9DCC1DC4D6B}.Release|Any CPU.Build.0 = Release|Any CPU
		{E7B26D50-0A49-4D2E-B33E-19103DF17BAC}.Debug|Any CPU.ActiveCfg = Debug|Any CPU
		{E7B26D50-0A49-4D2E-B33E-19103DF17BAC}.Debug|Any CPU.Build.0 = Debug|Any CPU
		{E7B26D50-0A49-4D2E-B33E-19103DF17BAC}.Release|Any CPU.ActiveCfg = Release|Any CPU
		{E7B26D50-0A49-4D2E-B33E-19103DF17BAC}.Release|Any CPU.Build.0 = Release|Any CPU
		{A7088F53-6E25-465E-8E71-B56440FEDAD0}.Debug|Any CPU.ActiveCfg = Debug|Any CPU
		{A7088F53-6E25-465E-8E71-B56440FEDAD0}.Debug|Any CPU.Build.0 = Debug|Any CPU
		{A7088F53-6E25-465E-8E71-B56440FEDAD0}.Release|Any CPU.ActiveCfg = Release|Any CPU
		{A7088F53-6E25-465E-8E71-B56440FEDAD0}.Release|Any CPU.Build.0 = Release|Any CPU
		{07DF8BA7-0C8E-43B4-ADEA-0136367FB89F}.Debug|Any CPU.ActiveCfg = Debug|Any CPU
		{07DF8BA7-0C8E-43B4-ADEA-0136367FB89F}.Debug|Any CPU.Build.0 = Debug|Any CPU
		{07DF8BA7-0C8E-43B4-ADEA-0136367FB89F}.Release|Any CPU.ActiveCfg = Release|Any CPU
		{07DF8BA7-0C8E-43B4-ADEA-0136367FB89F}.Release|Any CPU.Build.0 = Release|Any CPU
		{E8E3CEDA-6FB6-421B-8163-37E344A6AFAC}.Debug|Any CPU.ActiveCfg = Debug|Any CPU
		{E8E3CEDA-6FB6-421B-8163-37E344A6AFAC}.Debug|Any CPU.Build.0 = Debug|Any CPU
		{E8E3CEDA-6FB6-421B-8163-37E344A6AFAC}.Release|Any CPU.ActiveCfg = Release|Any CPU
		{E8E3CEDA-6FB6-421B-8163-37E344A6AFAC}.Release|Any CPU.Build.0 = Release|Any CPU
		{A94C50E8-54B7-466D-90AA-0C88900AE315}.Debug|Any CPU.ActiveCfg = Debug|Any CPU
		{A94C50E8-54B7-466D-90AA-0C88900AE315}.Debug|Any CPU.Build.0 = Debug|Any CPU
		{A94C50E8-54B7-466D-90AA-0C88900AE315}.Release|Any CPU.ActiveCfg = Release|Any CPU
		{A94C50E8-54B7-466D-90AA-0C88900AE315}.Release|Any CPU.Build.0 = Release|Any CPU
		{911BA92A-00FC-4B97-BCCB-586580DD1F5F}.Debug|Any CPU.ActiveCfg = Debug|Any CPU
		{911BA92A-00FC-4B97-BCCB-586580DD1F5F}.Debug|Any CPU.Build.0 = Debug|Any CPU
		{911BA92A-00FC-4B97-BCCB-586580DD1F5F}.Release|Any CPU.ActiveCfg = Release|Any CPU
		{911BA92A-00FC-4B97-BCCB-586580DD1F5F}.Release|Any CPU.Build.0 = Release|Any CPU
		{60F8D15A-A526-4E29-AB2D-924673784BA5}.Debug|Any CPU.ActiveCfg = Debug|Any CPU
		{60F8D15A-A526-4E29-AB2D-924673784BA5}.Debug|Any CPU.Build.0 = Debug|Any CPU
		{60F8D15A-A526-4E29-AB2D-924673784BA5}.Release|Any CPU.ActiveCfg = Release|Any CPU
		{60F8D15A-A526-4E29-AB2D-924673784BA5}.Release|Any CPU.Build.0 = Release|Any CPU
		{E853655A-DF17-4D24-9822-9FC8B6D66D90}.Debug|Any CPU.ActiveCfg = Debug|Any CPU
		{E853655A-DF17-4D24-9822-9FC8B6D66D90}.Debug|Any CPU.Build.0 = Debug|Any CPU
		{E853655A-DF17-4D24-9822-9FC8B6D66D90}.Release|Any CPU.ActiveCfg = Release|Any CPU
		{E853655A-DF17-4D24-9822-9FC8B6D66D90}.Release|Any CPU.Build.0 = Release|Any CPU
		{222558F4-F7AE-4AD1-B5F5-AF909C143A7D}.Debug|Any CPU.ActiveCfg = Debug|Any CPU
		{222558F4-F7AE-4AD1-B5F5-AF909C143A7D}.Debug|Any CPU.Build.0 = Debug|Any CPU
		{222558F4-F7AE-4AD1-B5F5-AF909C143A7D}.Release|Any CPU.ActiveCfg = Release|Any CPU
		{222558F4-F7AE-4AD1-B5F5-AF909C143A7D}.Release|Any CPU.Build.0 = Release|Any CPU
		{20812595-7235-44CD-8A82-3711444E8E9C}.Debug|Any CPU.ActiveCfg = Debug|Any CPU
		{20812595-7235-44CD-8A82-3711444E8E9C}.Debug|Any CPU.Build.0 = Debug|Any CPU
		{20812595-7235-44CD-8A82-3711444E8E9C}.Release|Any CPU.ActiveCfg = Release|Any CPU
		{20812595-7235-44CD-8A82-3711444E8E9C}.Release|Any CPU.Build.0 = Release|Any CPU
		{427DE09B-76A1-49FE-A624-1D78ECEAB18A}.Debug|Any CPU.ActiveCfg = Debug|Any CPU
		{427DE09B-76A1-49FE-A624-1D78ECEAB18A}.Debug|Any CPU.Build.0 = Debug|Any CPU
		{427DE09B-76A1-49FE-A624-1D78ECEAB18A}.Release|Any CPU.ActiveCfg = Release|Any CPU
		{427DE09B-76A1-49FE-A624-1D78ECEAB18A}.Release|Any CPU.Build.0 = Release|Any CPU
		{BD153304-2F7E-49CB-96A5-49C5616E7EB2}.Debug|Any CPU.ActiveCfg = Debug|Any CPU
		{BD153304-2F7E-49CB-96A5-49C5616E7EB2}.Debug|Any CPU.Build.0 = Debug|Any CPU
		{BD153304-2F7E-49CB-96A5-49C5616E7EB2}.Release|Any CPU.ActiveCfg = Release|Any CPU
		{BD153304-2F7E-49CB-96A5-49C5616E7EB2}.Release|Any CPU.Build.0 = Release|Any CPU
		{04AB0E2F-E1D6-41FC-A169-ED32943C83D4}.Debug|Any CPU.ActiveCfg = Debug|Any CPU
		{04AB0E2F-E1D6-41FC-A169-ED32943C83D4}.Debug|Any CPU.Build.0 = Debug|Any CPU
		{04AB0E2F-E1D6-41FC-A169-ED32943C83D4}.Release|Any CPU.ActiveCfg = Release|Any CPU
		{04AB0E2F-E1D6-41FC-A169-ED32943C83D4}.Release|Any CPU.Build.0 = Release|Any CPU
		{C1DE978F-F526-4EF8-A987-B0830912DA02}.Debug|Any CPU.ActiveCfg = Debug|Any CPU
		{C1DE978F-F526-4EF8-A987-B0830912DA02}.Debug|Any CPU.Build.0 = Debug|Any CPU
		{C1DE978F-F526-4EF8-A987-B0830912DA02}.Release|Any CPU.ActiveCfg = Release|Any CPU
		{C1DE978F-F526-4EF8-A987-B0830912DA02}.Release|Any CPU.Build.0 = Release|Any CPU
		{AC41F17A-B20D-428D-B5D1-A9294443A01B}.Debug|Any CPU.ActiveCfg = Debug|Any CPU
		{AC41F17A-B20D-428D-B5D1-A9294443A01B}.Debug|Any CPU.Build.0 = Debug|Any CPU
		{AC41F17A-B20D-428D-B5D1-A9294443A01B}.Release|Any CPU.ActiveCfg = Release|Any CPU
		{AC41F17A-B20D-428D-B5D1-A9294443A01B}.Release|Any CPU.Build.0 = Release|Any CPU
		{AFE2077D-88E3-4409-9A83-70B8BDB1575F}.Debug|Any CPU.ActiveCfg = Debug|Any CPU
		{AFE2077D-88E3-4409-9A83-70B8BDB1575F}.Debug|Any CPU.Build.0 = Debug|Any CPU
		{AFE2077D-88E3-4409-9A83-70B8BDB1575F}.Release|Any CPU.ActiveCfg = Release|Any CPU
		{AFE2077D-88E3-4409-9A83-70B8BDB1575F}.Release|Any CPU.Build.0 = Release|Any CPU
		{E8596EB1-6019-4ACF-8336-833F01E5DB78}.Debug|Any CPU.ActiveCfg = Debug|Any CPU
		{E8596EB1-6019-4ACF-8336-833F01E5DB78}.Debug|Any CPU.Build.0 = Debug|Any CPU
		{E8596EB1-6019-4ACF-8336-833F01E5DB78}.Release|Any CPU.ActiveCfg = Release|Any CPU
		{E8596EB1-6019-4ACF-8336-833F01E5DB78}.Release|Any CPU.Build.0 = Release|Any CPU
		{3B945430-5234-499C-A247-51F91163ECAA}.Debug|Any CPU.ActiveCfg = Debug|Any CPU
		{3B945430-5234-499C-A247-51F91163ECAA}.Debug|Any CPU.Build.0 = Debug|Any CPU
		{3B945430-5234-499C-A247-51F91163ECAA}.Release|Any CPU.ActiveCfg = Release|Any CPU
		{3B945430-5234-499C-A247-51F91163ECAA}.Release|Any CPU.Build.0 = Release|Any CPU
		{564A3B85-887E-4456-9FA4-CCAE98ACAA93}.Debug|Any CPU.ActiveCfg = Debug|Any CPU
		{564A3B85-887E-4456-9FA4-CCAE98ACAA93}.Debug|Any CPU.Build.0 = Debug|Any CPU
		{564A3B85-887E-4456-9FA4-CCAE98ACAA93}.Release|Any CPU.ActiveCfg = Release|Any CPU
		{564A3B85-887E-4456-9FA4-CCAE98ACAA93}.Release|Any CPU.Build.0 = Release|Any CPU
		{2FD65658-730C-49F6-A812-CE784ADE9526}.Debug|Any CPU.ActiveCfg = Debug|Any CPU
		{2FD65658-730C-49F6-A812-CE784ADE9526}.Debug|Any CPU.Build.0 = Debug|Any CPU
		{2FD65658-730C-49F6-A812-CE784ADE9526}.Release|Any CPU.ActiveCfg = Release|Any CPU
		{2FD65658-730C-49F6-A812-CE784ADE9526}.Release|Any CPU.Build.0 = Release|Any CPU
		{2AA8BC36-4796-49FE-B9A6-2FB651922E59}.Debug|Any CPU.ActiveCfg = Debug|Any CPU
		{2AA8BC36-4796-49FE-B9A6-2FB651922E59}.Debug|Any CPU.Build.0 = Debug|Any CPU
		{2AA8BC36-4796-49FE-B9A6-2FB651922E59}.Release|Any CPU.ActiveCfg = Release|Any CPU
		{2AA8BC36-4796-49FE-B9A6-2FB651922E59}.Release|Any CPU.Build.0 = Release|Any CPU
		{B4837C3B-186D-4AC4-850F-C9E89925511E}.Debug|Any CPU.ActiveCfg = Debug|Any CPU
		{B4837C3B-186D-4AC4-850F-C9E89925511E}.Debug|Any CPU.Build.0 = Debug|Any CPU
		{B4837C3B-186D-4AC4-850F-C9E89925511E}.Release|Any CPU.ActiveCfg = Release|Any CPU
		{B4837C3B-186D-4AC4-850F-C9E89925511E}.Release|Any CPU.Build.0 = Release|Any CPU
	EndGlobalSection
	GlobalSection(SolutionProperties) = preSolution
		HideSolutionNode = FALSE
	EndGlobalSection
	GlobalSection(NestedProjects) = preSolution
		{FC2AD580-8EBB-4705-9A58-A6E8C2C0AC74} = {4CC209BB-09FE-415A-84D0-14A62795584D}
		{60F8D15A-A526-4E29-AB2D-924673784BA5} = {4CC209BB-09FE-415A-84D0-14A62795584D}
		{E853655A-DF17-4D24-9822-9FC8B6D66D90} = {4CC209BB-09FE-415A-84D0-14A62795584D}
		{222558F4-F7AE-4AD1-B5F5-AF909C143A7D} = {4CC209BB-09FE-415A-84D0-14A62795584D}
		{20812595-7235-44CD-8A82-3711444E8E9C} = {4CC209BB-09FE-415A-84D0-14A62795584D}
		{427DE09B-76A1-49FE-A624-1D78ECEAB18A} = {4CC209BB-09FE-415A-84D0-14A62795584D}
		{771ACAF6-DCBE-44C8-9E03-F9DCC1DC4D6B} = {27A0EE65-F11E-4F4F-9328-014EF2617661}
		{2FD65658-730C-49F6-A812-CE784ADE9526} = {27A0EE65-F11E-4F4F-9328-014EF2617661}
		{2AA8BC36-4796-49FE-B9A6-2FB651922E59} = {27A0EE65-F11E-4F4F-9328-014EF2617661}
		{B4837C3B-186D-4AC4-850F-C9E89925511E} = {27A0EE65-F11E-4F4F-9328-014EF2617661}
		{A7088F53-6E25-465E-8E71-B56440FEDAD0} = {8285621D-A013-4A91-A193-87833FF4318D}
		{E7B26D50-0A49-4D2E-B33E-19103DF17BAC} = {8285621D-A013-4A91-A193-87833FF4318D}
		{C1DE978F-F526-4EF8-A987-B0830912DA02} = {8285621D-A013-4A91-A193-87833FF4318D}
		{07DF8BA7-0C8E-43B4-ADEA-0136367FB89F} = {9F02E93C-3659-4F0B-9208-94120929FED0}
		{911BA92A-00FC-4B97-BCCB-586580DD1F5F} = {9F02E93C-3659-4F0B-9208-94120929FED0}
		{AC41F17A-B20D-428D-B5D1-A9294443A01B} = {9F02E93C-3659-4F0B-9208-94120929FED0}
		{AFE2077D-88E3-4409-9A83-70B8BDB1575F} = {9F02E93C-3659-4F0B-9208-94120929FED0}
		{3B945430-5234-499C-A247-51F91163ECAA} = {9F02E93C-3659-4F0B-9208-94120929FED0}
		{E8E3CEDA-6FB6-421B-8163-37E344A6AFAC} = {C5CF2605-2343-43C6-87B9-31C1EB61F994}
		{A94C50E8-54B7-466D-90AA-0C88900AE315} = {C5CF2605-2343-43C6-87B9-31C1EB61F994}
		{BD153304-2F7E-49CB-96A5-49C5616E7EB2} = {4AFB23BE-31AD-4ABB-B727-704949634F6B}
		{04AB0E2F-E1D6-41FC-A169-ED32943C83D4} = {4AFB23BE-31AD-4ABB-B727-704949634F6B}
		{E8596EB1-6019-4ACF-8336-833F01E5DB78} = {5846B33F-5585-470B-8019-45718A28D806}
		{564A3B85-887E-4456-9FA4-CCAE98ACAA93} = {5846B33F-5585-470B-8019-45718A28D806}
	EndGlobalSection
EndGlobal
